// !$*UTF8*$!
{
	archiveVersion = 1;
	classes = {
	};
	objectVersion = 51;
	objects = {

/* Begin PBXBuildFile section */
		403A78B7639D9E9E2E2FD7CF /* Pods_Koven.framework in Frameworks */ = {isa = PBXBuildFile; fileRef = B8EDAB1F6AEFA2B66378873E /* Pods_Koven.framework */; };
		C915809725BD693700F03576 /* OverlayView.swift in Sources */ = {isa = PBXBuildFile; fileRef = C915809625BD693700F03576 /* OverlayView.swift */; };
		C917F76E25BD431F0037B774 /* OverlayManager.swift in Sources */ = {isa = PBXBuildFile; fileRef = C917F76D25BD431F0037B774 /* OverlayManager.swift */; };
		C917F77625BD43300037B774 /* OverlayManagerDataSource.swift in Sources */ = {isa = PBXBuildFile; fileRef = C917F77525BD432F0037B774 /* OverlayManagerDataSource.swift */; };
		C982D50725B03342006F716F /* Message.swift in Sources */ = {isa = PBXBuildFile; fileRef = C982D50625B03342006F716F /* Message.swift */; };
		C989356025B1439A0049EFD1 /* RoomItemView.swift in Sources */ = {isa = PBXBuildFile; fileRef = C989355F25B1439A0049EFD1 /* RoomItemView.swift */; };
		C98B04A025CD1584003D7B95 /* RoomBubbleCell.swift in Sources */ = {isa = PBXBuildFile; fileRef = C98B049F25CD1584003D7B95 /* RoomBubbleCell.swift */; };
		C98C0B0425C7F3110003B514 /* RoomIncomingTextMsgBubbleCell.swift in Sources */ = {isa = PBXBuildFile; fileRef = C98C0B0225C7F3110003B514 /* RoomIncomingTextMsgBubbleCell.swift */; };
		C9B9F0D225B975FC00B35F7C /* MXRoomSummary+URL.swift in Sources */ = {isa = PBXBuildFile; fileRef = C9B9F0D125B975FC00B35F7C /* MXRoomSummary+URL.swift */; };
		C9B9F17A25BA573A00B35F7C /* RoomViewController.swift in Sources */ = {isa = PBXBuildFile; fileRef = C9B9F17925BA573A00B35F7C /* RoomViewController.swift */; };
		C9C28C7F25AE56AC0096478F /* KovenApp.swift in Sources */ = {isa = PBXBuildFile; fileRef = C9C28C7E25AE56AC0096478F /* KovenApp.swift */; };
		C9C28C8125AE56AC0096478F /* ContentView.swift in Sources */ = {isa = PBXBuildFile; fileRef = C9C28C8025AE56AC0096478F /* ContentView.swift */; };
		C9C28C8325AE56AE0096478F /* Assets.xcassets in Resources */ = {isa = PBXBuildFile; fileRef = C9C28C8225AE56AE0096478F /* Assets.xcassets */; };
		C9C28C8625AE56AE0096478F /* Preview Assets.xcassets in Resources */ = {isa = PBXBuildFile; fileRef = C9C28C8525AE56AE0096478F /* Preview Assets.xcassets */; };
		C9C28C9125AE56AE0096478F /* KovenTests.swift in Sources */ = {isa = PBXBuildFile; fileRef = C9C28C9025AE56AE0096478F /* KovenTests.swift */; };
		C9C28C9C25AE56AE0096478F /* KovenUITests.swift in Sources */ = {isa = PBXBuildFile; fileRef = C9C28C9B25AE56AE0096478F /* KovenUITests.swift */; };
		C9C28CD325AE58C40096478F /* AuthView.swift in Sources */ = {isa = PBXBuildFile; fileRef = C9C28CD225AE58C40096478F /* AuthView.swift */; };
		C9C28CDC25AE5A080096478F /* MatrixState.swift in Sources */ = {isa = PBXBuildFile; fileRef = C9C28CDB25AE5A080096478F /* MatrixState.swift */; };
		C9C28CE525AE5BB50096478F /* RoomListView.swift in Sources */ = {isa = PBXBuildFile; fileRef = C9C28CE425AE5BB50096478F /* RoomListView.swift */; };
		C9C28D0125AEA7C90096478F /* RoomListDataSource.swift in Sources */ = {isa = PBXBuildFile; fileRef = C9C28D0025AEA7C90096478F /* RoomListDataSource.swift */; };
		C9C28D0625AED5300096478F /* MatrixAuth.swift in Sources */ = {isa = PBXBuildFile; fileRef = C9C28D0525AED5300096478F /* MatrixAuth.swift */; };
		C9C28D1F25AEE2A00096478F /* LoginView.swift in Sources */ = {isa = PBXBuildFile; fileRef = C9C28D1E25AEE2A00096478F /* LoginView.swift */; };
		C9C28D4B25B11EBC0096478F /* RoomView.swift in Sources */ = {isa = PBXBuildFile; fileRef = C9C28D4A25B11EAE0096478F /* RoomView.swift */; };
		C9D82AC025B2D6C500D754CB /* GlobalSettingsView.swift in Sources */ = {isa = PBXBuildFile; fileRef = C9D82ABF25B2D6C500D754CB /* GlobalSettingsView.swift */; };
		C9D82AC825B2D6D100D754CB /* GlobalSettingsDataSource.swift in Sources */ = {isa = PBXBuildFile; fileRef = C9D82AC725B2D6D100D754CB /* GlobalSettingsDataSource.swift */; };
		C9E9EEFD25BAAA94004646EA /* VerificationView.swift in Sources */ = {isa = PBXBuildFile; fileRef = C9E9EEFC25BAAA94004646EA /* VerificationView.swift */; };
		C9E9EF0525BAAABB004646EA /* VerificationDataSource.swift in Sources */ = {isa = PBXBuildFile; fileRef = C9E9EF0425BAAABB004646EA /* VerificationDataSource.swift */; };
		C9EF0EAD25D7CE8100B5FCE4 /* BubbleCellAttributes.swift in Sources */ = {isa = PBXBuildFile; fileRef = C9EF0EAC25D7CE8100B5FCE4 /* BubbleCellAttributes.swift */; };
/* End PBXBuildFile section */

/* Begin PBXContainerItemProxy section */
		C9C28C8D25AE56AE0096478F /* PBXContainerItemProxy */ = {
			isa = PBXContainerItemProxy;
			containerPortal = C9C28C7325AE56AC0096478F /* Project object */;
			proxyType = 1;
			remoteGlobalIDString = C9C28C7A25AE56AC0096478F;
			remoteInfo = Koven;
		};
		C9C28C9825AE56AE0096478F /* PBXContainerItemProxy */ = {
			isa = PBXContainerItemProxy;
			containerPortal = C9C28C7325AE56AC0096478F /* Project object */;
			proxyType = 1;
			remoteGlobalIDString = C9C28C7A25AE56AC0096478F;
			remoteInfo = Koven;
		};
/* End PBXContainerItemProxy section */

/* Begin PBXFileReference section */
		4AB81E8CC9DCDB68A244BA19 /* Pods-Koven.release.xcconfig */ = {isa = PBXFileReference; includeInIndex = 1; lastKnownFileType = text.xcconfig; name = "Pods-Koven.release.xcconfig"; path = "Target Support Files/Pods-Koven/Pods-Koven.release.xcconfig"; sourceTree = "<group>"; };
		B8EDAB1F6AEFA2B66378873E /* Pods_Koven.framework */ = {isa = PBXFileReference; explicitFileType = wrapper.framework; includeInIndex = 0; path = Pods_Koven.framework; sourceTree = BUILT_PRODUCTS_DIR; };
		C915809625BD693700F03576 /* OverlayView.swift */ = {isa = PBXFileReference; lastKnownFileType = sourcecode.swift; path = OverlayView.swift; sourceTree = "<group>"; };
		C917F76D25BD431F0037B774 /* OverlayManager.swift */ = {isa = PBXFileReference; lastKnownFileType = sourcecode.swift; path = OverlayManager.swift; sourceTree = "<group>"; };
		C917F77525BD432F0037B774 /* OverlayManagerDataSource.swift */ = {isa = PBXFileReference; lastKnownFileType = sourcecode.swift; path = OverlayManagerDataSource.swift; sourceTree = "<group>"; };
		C982D50625B03342006F716F /* Message.swift */ = {isa = PBXFileReference; lastKnownFileType = sourcecode.swift; path = Message.swift; sourceTree = "<group>"; };
		C982D50E25B034B4006F716F /* Bridging-Header.h */ = {isa = PBXFileReference; lastKnownFileType = sourcecode.c.h; path = "Bridging-Header.h"; sourceTree = "<group>"; };
		C989355F25B1439A0049EFD1 /* RoomItemView.swift */ = {isa = PBXFileReference; lastKnownFileType = sourcecode.swift; path = RoomItemView.swift; sourceTree = "<group>"; };
		C98B049F25CD1584003D7B95 /* RoomBubbleCell.swift */ = {isa = PBXFileReference; lastKnownFileType = sourcecode.swift; path = RoomBubbleCell.swift; sourceTree = "<group>"; };
		C98C0B0225C7F3110003B514 /* RoomIncomingTextMsgBubbleCell.swift */ = {isa = PBXFileReference; lastKnownFileType = sourcecode.swift; path = RoomIncomingTextMsgBubbleCell.swift; sourceTree = "<group>"; };
		C9B9F0D125B975FC00B35F7C /* MXRoomSummary+URL.swift */ = {isa = PBXFileReference; lastKnownFileType = sourcecode.swift; path = "MXRoomSummary+URL.swift"; sourceTree = "<group>"; };
		C9B9F0D625B9801F00B35F7C /* Koven.entitlements */ = {isa = PBXFileReference; lastKnownFileType = text.plist.entitlements; path = Koven.entitlements; sourceTree = "<group>"; };
		C9B9F0DA25B9815D00B35F7C /* CoreTelephony.framework */ = {isa = PBXFileReference; lastKnownFileType = wrapper.framework; name = CoreTelephony.framework; path = Platforms/MacOSX.platform/Developer/SDKs/MacOSX11.1.sdk/System/Library/Frameworks/CoreTelephony.framework; sourceTree = DEVELOPER_DIR; };
		C9B9F17925BA573A00B35F7C /* RoomViewController.swift */ = {isa = PBXFileReference; lastKnownFileType = sourcecode.swift; path = RoomViewController.swift; sourceTree = "<group>"; };
		C9C28C7B25AE56AC0096478F /* Koven.app */ = {isa = PBXFileReference; explicitFileType = wrapper.application; includeInIndex = 0; path = Koven.app; sourceTree = BUILT_PRODUCTS_DIR; };
		C9C28C7E25AE56AC0096478F /* KovenApp.swift */ = {isa = PBXFileReference; lastKnownFileType = sourcecode.swift; path = KovenApp.swift; sourceTree = "<group>"; };
		C9C28C8025AE56AC0096478F /* ContentView.swift */ = {isa = PBXFileReference; lastKnownFileType = sourcecode.swift; path = ContentView.swift; sourceTree = "<group>"; };
		C9C28C8225AE56AE0096478F /* Assets.xcassets */ = {isa = PBXFileReference; lastKnownFileType = folder.assetcatalog; path = Assets.xcassets; sourceTree = "<group>"; };
		C9C28C8525AE56AE0096478F /* Preview Assets.xcassets */ = {isa = PBXFileReference; lastKnownFileType = folder.assetcatalog; path = "Preview Assets.xcassets"; sourceTree = "<group>"; };
		C9C28C8725AE56AE0096478F /* Info.plist */ = {isa = PBXFileReference; lastKnownFileType = text.plist.xml; path = Info.plist; sourceTree = "<group>"; };
		C9C28C8C25AE56AE0096478F /* KovenTests.xctest */ = {isa = PBXFileReference; explicitFileType = wrapper.cfbundle; includeInIndex = 0; path = KovenTests.xctest; sourceTree = BUILT_PRODUCTS_DIR; };
		C9C28C9025AE56AE0096478F /* KovenTests.swift */ = {isa = PBXFileReference; lastKnownFileType = sourcecode.swift; path = KovenTests.swift; sourceTree = "<group>"; };
		C9C28C9225AE56AE0096478F /* Info.plist */ = {isa = PBXFileReference; lastKnownFileType = text.plist.xml; path = Info.plist; sourceTree = "<group>"; };
		C9C28C9725AE56AE0096478F /* KovenUITests.xctest */ = {isa = PBXFileReference; explicitFileType = wrapper.cfbundle; includeInIndex = 0; path = KovenUITests.xctest; sourceTree = BUILT_PRODUCTS_DIR; };
		C9C28C9B25AE56AE0096478F /* KovenUITests.swift */ = {isa = PBXFileReference; lastKnownFileType = sourcecode.swift; path = KovenUITests.swift; sourceTree = "<group>"; };
		C9C28C9D25AE56AE0096478F /* Info.plist */ = {isa = PBXFileReference; lastKnownFileType = text.plist.xml; path = Info.plist; sourceTree = "<group>"; };
		C9C28CD225AE58C40096478F /* AuthView.swift */ = {isa = PBXFileReference; lastKnownFileType = sourcecode.swift; path = AuthView.swift; sourceTree = "<group>"; };
		C9C28CDB25AE5A080096478F /* MatrixState.swift */ = {isa = PBXFileReference; lastKnownFileType = sourcecode.swift; path = MatrixState.swift; sourceTree = "<group>"; };
		C9C28CE425AE5BB50096478F /* RoomListView.swift */ = {isa = PBXFileReference; lastKnownFileType = sourcecode.swift; path = RoomListView.swift; sourceTree = "<group>"; };
		C9C28D0025AEA7C90096478F /* RoomListDataSource.swift */ = {isa = PBXFileReference; lastKnownFileType = sourcecode.swift; path = RoomListDataSource.swift; sourceTree = "<group>"; };
		C9C28D0525AED5300096478F /* MatrixAuth.swift */ = {isa = PBXFileReference; lastKnownFileType = sourcecode.swift; path = MatrixAuth.swift; sourceTree = "<group>"; };
		C9C28D1E25AEE2A00096478F /* LoginView.swift */ = {isa = PBXFileReference; lastKnownFileType = sourcecode.swift; path = LoginView.swift; sourceTree = "<group>"; };
		C9C28D4A25B11EAE0096478F /* RoomView.swift */ = {isa = PBXFileReference; lastKnownFileType = sourcecode.swift; path = RoomView.swift; sourceTree = "<group>"; };
		C9D82ABF25B2D6C500D754CB /* GlobalSettingsView.swift */ = {isa = PBXFileReference; lastKnownFileType = sourcecode.swift; path = GlobalSettingsView.swift; sourceTree = "<group>"; };
		C9D82AC725B2D6D100D754CB /* GlobalSettingsDataSource.swift */ = {isa = PBXFileReference; lastKnownFileType = sourcecode.swift; path = GlobalSettingsDataSource.swift; sourceTree = "<group>"; };
		C9E9EEFC25BAAA94004646EA /* VerificationView.swift */ = {isa = PBXFileReference; lastKnownFileType = sourcecode.swift; path = VerificationView.swift; sourceTree = "<group>"; };
		C9E9EF0425BAAABB004646EA /* VerificationDataSource.swift */ = {isa = PBXFileReference; lastKnownFileType = sourcecode.swift; path = VerificationDataSource.swift; sourceTree = "<group>"; };
		C9EF0EAC25D7CE8100B5FCE4 /* BubbleCellAttributes.swift */ = {isa = PBXFileReference; lastKnownFileType = sourcecode.swift; path = BubbleCellAttributes.swift; sourceTree = "<group>"; };
		E0F46E038038B6A6D65C1187 /* Pods-Koven.debug.xcconfig */ = {isa = PBXFileReference; includeInIndex = 1; lastKnownFileType = text.xcconfig; name = "Pods-Koven.debug.xcconfig"; path = "Target Support Files/Pods-Koven/Pods-Koven.debug.xcconfig"; sourceTree = "<group>"; };
/* End PBXFileReference section */

/* Begin PBXFrameworksBuildPhase section */
		C9C28C7825AE56AC0096478F /* Frameworks */ = {
			isa = PBXFrameworksBuildPhase;
			buildActionMask = 2147483647;
			files = (
				403A78B7639D9E9E2E2FD7CF /* Pods_Koven.framework in Frameworks */,
			);
			runOnlyForDeploymentPostprocessing = 0;
		};
		C9C28C8925AE56AE0096478F /* Frameworks */ = {
			isa = PBXFrameworksBuildPhase;
			buildActionMask = 2147483647;
			files = (
			);
			runOnlyForDeploymentPostprocessing = 0;
		};
		C9C28C9425AE56AE0096478F /* Frameworks */ = {
			isa = PBXFrameworksBuildPhase;
			buildActionMask = 2147483647;
			files = (
			);
			runOnlyForDeploymentPostprocessing = 0;
		};
/* End PBXFrameworksBuildPhase section */

/* Begin PBXGroup section */
		63615314764A5E75D8EC9FD7 /* Frameworks */ = {
			isa = PBXGroup;
			children = (
				C9B9F0DA25B9815D00B35F7C /* CoreTelephony.framework */,
				B8EDAB1F6AEFA2B66378873E /* Pods_Koven.framework */,
			);
			name = Frameworks;
			sourceTree = "<group>";
		};
		C917F76C25BD430D0037B774 /* Overlay */ = {
			isa = PBXGroup;
			children = (
				C917F76D25BD431F0037B774 /* OverlayManager.swift */,
				C915809625BD693700F03576 /* OverlayView.swift */,
				C917F77525BD432F0037B774 /* OverlayManagerDataSource.swift */,
			);
			path = Overlay;
			sourceTree = "<group>";
		};
		C91DF67025C54EF200BF05DC /* BubbleCells */ = {
			isa = PBXGroup;
			children = (
				C98B049F25CD1584003D7B95 /* RoomBubbleCell.swift */,
				C98C0B0225C7F3110003B514 /* RoomIncomingTextMsgBubbleCell.swift */,
				C9EF0EAC25D7CE8100B5FCE4 /* BubbleCellAttributes.swift */,
			);
			path = BubbleCells;
			sourceTree = "<group>";
		};
		C982D4E225B0192E006F716F /* MatrixKitExp */ = {
			isa = PBXGroup;
			children = (
			);
			path = MatrixKitExp;
			sourceTree = "<group>";
		};
		C98C0B1A25C8D5C90003B514 /* ThirdParty */ = {
			isa = PBXGroup;
			children = (
				C982D50E25B034B4006F716F /* Bridging-Header.h */,
			);
			path = ThirdParty;
			sourceTree = "<group>";
		};
		C9B9F0D025B975E200B35F7C /* Extensions */ = {
			isa = PBXGroup;
			children = (
				C9B9F0D125B975FC00B35F7C /* MXRoomSummary+URL.swift */,
			);
			path = Extensions;
			sourceTree = "<group>";
		};
		C9C28C7225AE56AC0096478F = {
			isa = PBXGroup;
			children = (
				C9C28C7D25AE56AC0096478F /* Koven */,
				C9C28C8F25AE56AE0096478F /* KovenTests */,
				C9C28C9A25AE56AE0096478F /* KovenUITests */,
				C9C28C7C25AE56AC0096478F /* Products */,
				D7DCB665D6DCE0464CAD0A5D /* Pods */,
				63615314764A5E75D8EC9FD7 /* Frameworks */,
			);
			sourceTree = "<group>";
		};
		C9C28C7C25AE56AC0096478F /* Products */ = {
			isa = PBXGroup;
			children = (
				C9C28C7B25AE56AC0096478F /* Koven.app */,
				C9C28C8C25AE56AE0096478F /* KovenTests.xctest */,
				C9C28C9725AE56AE0096478F /* KovenUITests.xctest */,
			);
			name = Products;
			sourceTree = "<group>";
		};
		C9C28C7D25AE56AC0096478F /* Koven */ = {
			isa = PBXGroup;
			children = (
				C98C0B1A25C8D5C90003B514 /* ThirdParty */,
				C9C28C7E25AE56AC0096478F /* KovenApp.swift */,
				C9C28C8025AE56AC0096478F /* ContentView.swift */,
				C917F76C25BD430D0037B774 /* Overlay */,
				C9C28CCB25AE58870096478F /* Authentication */,
				C9E9EEFB25BAAA7C004646EA /* Encryption */,
				C9C28CE325AE5B730096478F /* RoomList */,
				C9D82ABE25B2D6B100D754CB /* GlobalSettings */,
				C9C28CEF25AE61F80096478F /* Room */,
				C982D4E225B0192E006F716F /* MatrixKitExp */,
				C9B9F0D025B975E200B35F7C /* Extensions */,
				C9C28CDA25AE59F40096478F /* Models */,
				C9C28C8225AE56AE0096478F /* Assets.xcassets */,
				C9C28C8725AE56AE0096478F /* Info.plist */,
				C9B9F0D625B9801F00B35F7C /* Koven.entitlements */,
				C9C28C8425AE56AE0096478F /* Preview Content */,
			);
			path = Koven;
			sourceTree = "<group>";
		};
		C9C28C8425AE56AE0096478F /* Preview Content */ = {
			isa = PBXGroup;
			children = (
				C9C28C8525AE56AE0096478F /* Preview Assets.xcassets */,
			);
			path = "Preview Content";
			sourceTree = "<group>";
		};
		C9C28C8F25AE56AE0096478F /* KovenTests */ = {
			isa = PBXGroup;
			children = (
				C9C28C9025AE56AE0096478F /* KovenTests.swift */,
				C9C28C9225AE56AE0096478F /* Info.plist */,
			);
			path = KovenTests;
			sourceTree = "<group>";
		};
		C9C28C9A25AE56AE0096478F /* KovenUITests */ = {
			isa = PBXGroup;
			children = (
				C9C28C9B25AE56AE0096478F /* KovenUITests.swift */,
				C9C28C9D25AE56AE0096478F /* Info.plist */,
			);
			path = KovenUITests;
			sourceTree = "<group>";
		};
		C9C28CCB25AE58870096478F /* Authentication */ = {
			isa = PBXGroup;
			children = (
				C9C28CD225AE58C40096478F /* AuthView.swift */,
				C9C28D1E25AEE2A00096478F /* LoginView.swift */,
			);
			path = Authentication;
			sourceTree = "<group>";
		};
		C9C28CDA25AE59F40096478F /* Models */ = {
			isa = PBXGroup;
			children = (
				C9C28D0525AED5300096478F /* MatrixAuth.swift */,
				C9C28CDB25AE5A080096478F /* MatrixState.swift */,
				C982D50625B03342006F716F /* Message.swift */,
			);
			path = Models;
			sourceTree = "<group>";
		};
		C9C28CE325AE5B730096478F /* RoomList */ = {
			isa = PBXGroup;
			children = (
				C9C28CE425AE5BB50096478F /* RoomListView.swift */,
				C9C28D0025AEA7C90096478F /* RoomListDataSource.swift */,
				C989355F25B1439A0049EFD1 /* RoomItemView.swift */,
			);
			path = RoomList;
			sourceTree = "<group>";
		};
		C9C28CEF25AE61F80096478F /* Room */ = {
			isa = PBXGroup;
			children = (
				C91DF67025C54EF200BF05DC /* BubbleCells */,
				C9C28D4A25B11EAE0096478F /* RoomView.swift */,
				C9B9F17925BA573A00B35F7C /* RoomViewController.swift */,
			);
			path = Room;
			sourceTree = "<group>";
		};
		C9D82ABE25B2D6B100D754CB /* GlobalSettings */ = {
			isa = PBXGroup;
			children = (
				C9D82ABF25B2D6C500D754CB /* GlobalSettingsView.swift */,
				C9D82AC725B2D6D100D754CB /* GlobalSettingsDataSource.swift */,
			);
			path = GlobalSettings;
			sourceTree = "<group>";
		};
		C9E9EEFB25BAAA7C004646EA /* Encryption */ = {
			isa = PBXGroup;
			children = (
				C9E9EEFC25BAAA94004646EA /* VerificationView.swift */,
				C9E9EF0425BAAABB004646EA /* VerificationDataSource.swift */,
			);
			path = Encryption;
			sourceTree = "<group>";
		};
		D7DCB665D6DCE0464CAD0A5D /* Pods */ = {
			isa = PBXGroup;
			children = (
				E0F46E038038B6A6D65C1187 /* Pods-Koven.debug.xcconfig */,
				4AB81E8CC9DCDB68A244BA19 /* Pods-Koven.release.xcconfig */,
			);
			path = Pods;
			sourceTree = "<group>";
		};
/* End PBXGroup section */

/* Begin PBXNativeTarget section */
		C9C28C7A25AE56AC0096478F /* Koven */ = {
			isa = PBXNativeTarget;
			buildConfigurationList = C9C28CA025AE56AE0096478F /* Build configuration list for PBXNativeTarget "Koven" */;
			buildPhases = (
				6D7D76B38C6C90F504E515D9 /* [CP] Check Pods Manifest.lock */,
				C9C28C7725AE56AC0096478F /* Sources */,
				C9C28C7825AE56AC0096478F /* Frameworks */,
				C9C28C7925AE56AC0096478F /* Resources */,
				BAE6BFC412F8FF16831B70CD /* [CP] Embed Pods Frameworks */,
			);
			buildRules = (
			);
			dependencies = (
			);
			name = Koven;
			productName = Koven;
			productReference = C9C28C7B25AE56AC0096478F /* Koven.app */;
			productType = "com.apple.product-type.application";
		};
		C9C28C8B25AE56AE0096478F /* KovenTests */ = {
			isa = PBXNativeTarget;
			buildConfigurationList = C9C28CA325AE56AE0096478F /* Build configuration list for PBXNativeTarget "KovenTests" */;
			buildPhases = (
				C9C28C8825AE56AE0096478F /* Sources */,
				C9C28C8925AE56AE0096478F /* Frameworks */,
				C9C28C8A25AE56AE0096478F /* Resources */,
			);
			buildRules = (
			);
			dependencies = (
				C9C28C8E25AE56AE0096478F /* PBXTargetDependency */,
			);
			name = KovenTests;
			productName = KovenTests;
			productReference = C9C28C8C25AE56AE0096478F /* KovenTests.xctest */;
			productType = "com.apple.product-type.bundle.unit-test";
		};
		C9C28C9625AE56AE0096478F /* KovenUITests */ = {
			isa = PBXNativeTarget;
			buildConfigurationList = C9C28CA625AE56AE0096478F /* Build configuration list for PBXNativeTarget "KovenUITests" */;
			buildPhases = (
				C9C28C9325AE56AE0096478F /* Sources */,
				C9C28C9425AE56AE0096478F /* Frameworks */,
				C9C28C9525AE56AE0096478F /* Resources */,
			);
			buildRules = (
			);
			dependencies = (
				C9C28C9925AE56AE0096478F /* PBXTargetDependency */,
			);
			name = KovenUITests;
			productName = KovenUITests;
			productReference = C9C28C9725AE56AE0096478F /* KovenUITests.xctest */;
			productType = "com.apple.product-type.bundle.ui-testing";
		};
/* End PBXNativeTarget section */

/* Begin PBXProject section */
		C9C28C7325AE56AC0096478F /* Project object */ = {
			isa = PBXProject;
			attributes = {
				LastSwiftUpdateCheck = 1230;
				LastUpgradeCheck = 1230;
				TargetAttributes = {
					C9C28C7A25AE56AC0096478F = {
						CreatedOnToolsVersion = 12.3;
						LastSwiftMigration = 1230;
					};
					C9C28C8B25AE56AE0096478F = {
						CreatedOnToolsVersion = 12.3;
						TestTargetID = C9C28C7A25AE56AC0096478F;
					};
					C9C28C9625AE56AE0096478F = {
						CreatedOnToolsVersion = 12.3;
						TestTargetID = C9C28C7A25AE56AC0096478F;
					};
				};
			};
			buildConfigurationList = C9C28C7625AE56AC0096478F /* Build configuration list for PBXProject "Koven" */;
			compatibilityVersion = "Xcode 9.3";
			developmentRegion = en;
			hasScannedForEncodings = 0;
			knownRegions = (
				en,
				Base,
			);
			mainGroup = C9C28C7225AE56AC0096478F;
			productRefGroup = C9C28C7C25AE56AC0096478F /* Products */;
			projectDirPath = "";
			projectRoot = "";
			targets = (
				C9C28C7A25AE56AC0096478F /* Koven */,
				C9C28C8B25AE56AE0096478F /* KovenTests */,
				C9C28C9625AE56AE0096478F /* KovenUITests */,
			);
		};
/* End PBXProject section */

/* Begin PBXResourcesBuildPhase section */
		C9C28C7925AE56AC0096478F /* Resources */ = {
			isa = PBXResourcesBuildPhase;
			buildActionMask = 2147483647;
			files = (
				C9C28C8625AE56AE0096478F /* Preview Assets.xcassets in Resources */,
				C9C28C8325AE56AE0096478F /* Assets.xcassets in Resources */,
			);
			runOnlyForDeploymentPostprocessing = 0;
		};
		C9C28C8A25AE56AE0096478F /* Resources */ = {
			isa = PBXResourcesBuildPhase;
			buildActionMask = 2147483647;
			files = (
			);
			runOnlyForDeploymentPostprocessing = 0;
		};
		C9C28C9525AE56AE0096478F /* Resources */ = {
			isa = PBXResourcesBuildPhase;
			buildActionMask = 2147483647;
			files = (
			);
			runOnlyForDeploymentPostprocessing = 0;
		};
/* End PBXResourcesBuildPhase section */

/* Begin PBXShellScriptBuildPhase section */
		6D7D76B38C6C90F504E515D9 /* [CP] Check Pods Manifest.lock */ = {
			isa = PBXShellScriptBuildPhase;
			buildActionMask = 2147483647;
			files = (
			);
			inputFileListPaths = (
			);
			inputPaths = (
				"${PODS_PODFILE_DIR_PATH}/Podfile.lock",
				"${PODS_ROOT}/Manifest.lock",
			);
			name = "[CP] Check Pods Manifest.lock";
			outputFileListPaths = (
			);
			outputPaths = (
				"$(DERIVED_FILE_DIR)/Pods-Koven-checkManifestLockResult.txt",
			);
			runOnlyForDeploymentPostprocessing = 0;
			shellPath = /bin/sh;
			shellScript = "diff \"${PODS_PODFILE_DIR_PATH}/Podfile.lock\" \"${PODS_ROOT}/Manifest.lock\" > /dev/null\nif [ $? != 0 ] ; then\n    # print error to STDERR\n    echo \"error: The sandbox is not in sync with the Podfile.lock. Run 'pod install' or update your CocoaPods installation.\" >&2\n    exit 1\nfi\n# This output is used by Xcode 'outputs' to avoid re-running this script phase.\necho \"SUCCESS\" > \"${SCRIPT_OUTPUT_FILE_0}\"\n";
			showEnvVarsInLog = 0;
		};
		BAE6BFC412F8FF16831B70CD /* [CP] Embed Pods Frameworks */ = {
			isa = PBXShellScriptBuildPhase;
			buildActionMask = 2147483647;
			files = (
			);
			inputFileListPaths = (
				"${PODS_ROOT}/Target Support Files/Pods-Koven/Pods-Koven-frameworks-${CONFIGURATION}-input-files.xcfilelist",
			);
			name = "[CP] Embed Pods Frameworks";
			outputFileListPaths = (
				"${PODS_ROOT}/Target Support Files/Pods-Koven/Pods-Koven-frameworks-${CONFIGURATION}-output-files.xcfilelist",
			);
			runOnlyForDeploymentPostprocessing = 0;
			shellPath = /bin/sh;
			shellScript = "\"${PODS_ROOT}/Target Support Files/Pods-Koven/Pods-Koven-frameworks.sh\"\n";
			showEnvVarsInLog = 0;
		};
/* End PBXShellScriptBuildPhase section */

/* Begin PBXSourcesBuildPhase section */
		C9C28C7725AE56AC0096478F /* Sources */ = {
			isa = PBXSourcesBuildPhase;
			buildActionMask = 2147483647;
			files = (
				C982D50725B03342006F716F /* Message.swift in Sources */,
				C9E9EEFD25BAAA94004646EA /* VerificationView.swift in Sources */,
				C9C28C8125AE56AC0096478F /* ContentView.swift in Sources */,
				C9B9F0D225B975FC00B35F7C /* MXRoomSummary+URL.swift in Sources */,
				C9C28D4B25B11EBC0096478F /* RoomView.swift in Sources */,
				C9C28C7F25AE56AC0096478F /* KovenApp.swift in Sources */,
				C915809725BD693700F03576 /* OverlayView.swift in Sources */,
				C9C28CD325AE58C40096478F /* AuthView.swift in Sources */,
				C9C28D0625AED5300096478F /* MatrixAuth.swift in Sources */,
				C989356025B1439A0049EFD1 /* RoomItemView.swift in Sources */,
				C9E9EF0525BAAABB004646EA /* VerificationDataSource.swift in Sources */,
				C9D82AC025B2D6C500D754CB /* GlobalSettingsView.swift in Sources */,
				C9C28CDC25AE5A080096478F /* MatrixState.swift in Sources */,
				C9EF0EAD25D7CE8100B5FCE4 /* BubbleCellAttributes.swift in Sources */,
				C917F76E25BD431F0037B774 /* OverlayManager.swift in Sources */,
				C9C28CE525AE5BB50096478F /* RoomListView.swift in Sources */,
				C98B04A025CD1584003D7B95 /* RoomBubbleCell.swift in Sources */,
				C9B9F17A25BA573A00B35F7C /* RoomViewController.swift in Sources */,
				C9C28D1F25AEE2A00096478F /* LoginView.swift in Sources */,
				C917F77625BD43300037B774 /* OverlayManagerDataSource.swift in Sources */,
				C9C28D0125AEA7C90096478F /* RoomListDataSource.swift in Sources */,
				C9D82AC825B2D6D100D754CB /* GlobalSettingsDataSource.swift in Sources */,
				C98C0B0425C7F3110003B514 /* RoomIncomingTextMsgBubbleCell.swift in Sources */,
			);
			runOnlyForDeploymentPostprocessing = 0;
		};
		C9C28C8825AE56AE0096478F /* Sources */ = {
			isa = PBXSourcesBuildPhase;
			buildActionMask = 2147483647;
			files = (
				C9C28C9125AE56AE0096478F /* KovenTests.swift in Sources */,
			);
			runOnlyForDeploymentPostprocessing = 0;
		};
		C9C28C9325AE56AE0096478F /* Sources */ = {
			isa = PBXSourcesBuildPhase;
			buildActionMask = 2147483647;
			files = (
				C9C28C9C25AE56AE0096478F /* KovenUITests.swift in Sources */,
			);
			runOnlyForDeploymentPostprocessing = 0;
		};
/* End PBXSourcesBuildPhase section */

/* Begin PBXTargetDependency section */
		C9C28C8E25AE56AE0096478F /* PBXTargetDependency */ = {
			isa = PBXTargetDependency;
			target = C9C28C7A25AE56AC0096478F /* Koven */;
			targetProxy = C9C28C8D25AE56AE0096478F /* PBXContainerItemProxy */;
		};
		C9C28C9925AE56AE0096478F /* PBXTargetDependency */ = {
			isa = PBXTargetDependency;
			target = C9C28C7A25AE56AC0096478F /* Koven */;
			targetProxy = C9C28C9825AE56AE0096478F /* PBXContainerItemProxy */;
		};
/* End PBXTargetDependency section */

/* Begin XCBuildConfiguration section */
		C9C28C9E25AE56AE0096478F /* Debug */ = {
			isa = XCBuildConfiguration;
			buildSettings = {
				ALWAYS_SEARCH_USER_PATHS = NO;
				CLANG_ANALYZER_NONNULL = YES;
				CLANG_ANALYZER_NUMBER_OBJECT_CONVERSION = YES_AGGRESSIVE;
				CLANG_CXX_LANGUAGE_STANDARD = "gnu++14";
				CLANG_CXX_LIBRARY = "libc++";
				CLANG_ENABLE_MODULES = YES;
				CLANG_ENABLE_OBJC_ARC = YES;
				CLANG_ENABLE_OBJC_WEAK = YES;
				CLANG_WARN_BLOCK_CAPTURE_AUTORELEASING = YES;
				CLANG_WARN_BOOL_CONVERSION = YES;
				CLANG_WARN_COMMA = YES;
				CLANG_WARN_CONSTANT_CONVERSION = YES;
				CLANG_WARN_DEPRECATED_OBJC_IMPLEMENTATIONS = YES;
				CLANG_WARN_DIRECT_OBJC_ISA_USAGE = YES_ERROR;
				CLANG_WARN_DOCUMENTATION_COMMENTS = YES;
				CLANG_WARN_EMPTY_BODY = YES;
				CLANG_WARN_ENUM_CONVERSION = YES;
				CLANG_WARN_INFINITE_RECURSION = YES;
				CLANG_WARN_INT_CONVERSION = YES;
				CLANG_WARN_NON_LITERAL_NULL_CONVERSION = YES;
				CLANG_WARN_OBJC_IMPLICIT_RETAIN_SELF = YES;
				CLANG_WARN_OBJC_LITERAL_CONVERSION = YES;
				CLANG_WARN_OBJC_ROOT_CLASS = YES_ERROR;
				CLANG_WARN_QUOTED_INCLUDE_IN_FRAMEWORK_HEADER = YES;
				CLANG_WARN_RANGE_LOOP_ANALYSIS = YES;
				CLANG_WARN_STRICT_PROTOTYPES = YES;
				CLANG_WARN_SUSPICIOUS_MOVE = YES;
				CLANG_WARN_UNGUARDED_AVAILABILITY = YES_AGGRESSIVE;
				CLANG_WARN_UNREACHABLE_CODE = YES;
				CLANG_WARN__DUPLICATE_METHOD_MATCH = YES;
				COPY_PHASE_STRIP = NO;
				DEBUG_INFORMATION_FORMAT = dwarf;
				ENABLE_STRICT_OBJC_MSGSEND = YES;
				ENABLE_TESTABILITY = YES;
				GCC_C_LANGUAGE_STANDARD = gnu11;
				GCC_DYNAMIC_NO_PIC = NO;
				GCC_NO_COMMON_BLOCKS = YES;
				GCC_OPTIMIZATION_LEVEL = 0;
				GCC_PREPROCESSOR_DEFINITIONS = (
					"DEBUG=1",
					"$(inherited)",
				);
				GCC_WARN_64_TO_32_BIT_CONVERSION = YES;
				GCC_WARN_ABOUT_RETURN_TYPE = YES_ERROR;
				GCC_WARN_UNDECLARED_SELECTOR = YES;
				GCC_WARN_UNINITIALIZED_AUTOS = YES_AGGRESSIVE;
				GCC_WARN_UNUSED_FUNCTION = YES;
				GCC_WARN_UNUSED_VARIABLE = YES;
				IPHONEOS_DEPLOYMENT_TARGET = 14.3;
				MTL_ENABLE_DEBUG_INFO = INCLUDE_SOURCE;
				MTL_FAST_MATH = YES;
				ONLY_ACTIVE_ARCH = YES;
				SDKROOT = iphoneos;
				SWIFT_ACTIVE_COMPILATION_CONDITIONS = DEBUG;
				SWIFT_OPTIMIZATION_LEVEL = "-Onone";
			};
			name = Debug;
		};
		C9C28C9F25AE56AE0096478F /* Release */ = {
			isa = XCBuildConfiguration;
			buildSettings = {
				ALWAYS_SEARCH_USER_PATHS = NO;
				CLANG_ANALYZER_NONNULL = YES;
				CLANG_ANALYZER_NUMBER_OBJECT_CONVERSION = YES_AGGRESSIVE;
				CLANG_CXX_LANGUAGE_STANDARD = "gnu++14";
				CLANG_CXX_LIBRARY = "libc++";
				CLANG_ENABLE_MODULES = YES;
				CLANG_ENABLE_OBJC_ARC = YES;
				CLANG_ENABLE_OBJC_WEAK = YES;
				CLANG_WARN_BLOCK_CAPTURE_AUTORELEASING = YES;
				CLANG_WARN_BOOL_CONVERSION = YES;
				CLANG_WARN_COMMA = YES;
				CLANG_WARN_CONSTANT_CONVERSION = YES;
				CLANG_WARN_DEPRECATED_OBJC_IMPLEMENTATIONS = YES;
				CLANG_WARN_DIRECT_OBJC_ISA_USAGE = YES_ERROR;
				CLANG_WARN_DOCUMENTATION_COMMENTS = YES;
				CLANG_WARN_EMPTY_BODY = YES;
				CLANG_WARN_ENUM_CONVERSION = YES;
				CLANG_WARN_INFINITE_RECURSION = YES;
				CLANG_WARN_INT_CONVERSION = YES;
				CLANG_WARN_NON_LITERAL_NULL_CONVERSION = YES;
				CLANG_WARN_OBJC_IMPLICIT_RETAIN_SELF = YES;
				CLANG_WARN_OBJC_LITERAL_CONVERSION = YES;
				CLANG_WARN_OBJC_ROOT_CLASS = YES_ERROR;
				CLANG_WARN_QUOTED_INCLUDE_IN_FRAMEWORK_HEADER = YES;
				CLANG_WARN_RANGE_LOOP_ANALYSIS = YES;
				CLANG_WARN_STRICT_PROTOTYPES = YES;
				CLANG_WARN_SUSPICIOUS_MOVE = YES;
				CLANG_WARN_UNGUARDED_AVAILABILITY = YES_AGGRESSIVE;
				CLANG_WARN_UNREACHABLE_CODE = YES;
				CLANG_WARN__DUPLICATE_METHOD_MATCH = YES;
				COPY_PHASE_STRIP = NO;
				DEBUG_INFORMATION_FORMAT = "dwarf-with-dsym";
				ENABLE_NS_ASSERTIONS = NO;
				ENABLE_STRICT_OBJC_MSGSEND = YES;
				GCC_C_LANGUAGE_STANDARD = gnu11;
				GCC_NO_COMMON_BLOCKS = YES;
				GCC_WARN_64_TO_32_BIT_CONVERSION = YES;
				GCC_WARN_ABOUT_RETURN_TYPE = YES_ERROR;
				GCC_WARN_UNDECLARED_SELECTOR = YES;
				GCC_WARN_UNINITIALIZED_AUTOS = YES_AGGRESSIVE;
				GCC_WARN_UNUSED_FUNCTION = YES;
				GCC_WARN_UNUSED_VARIABLE = YES;
				IPHONEOS_DEPLOYMENT_TARGET = 14.3;
				MTL_ENABLE_DEBUG_INFO = NO;
				MTL_FAST_MATH = YES;
				SDKROOT = iphoneos;
				SWIFT_COMPILATION_MODE = wholemodule;
				SWIFT_OPTIMIZATION_LEVEL = "-O";
				VALIDATE_PRODUCT = YES;
			};
			name = Release;
		};
		C9C28CA125AE56AE0096478F /* Debug */ = {
			isa = XCBuildConfiguration;
			baseConfigurationReference = E0F46E038038B6A6D65C1187 /* Pods-Koven.debug.xcconfig */;
			buildSettings = {
				ASSETCATALOG_COMPILER_APPICON_NAME = AppIcon;
				ASSETCATALOG_COMPILER_GLOBAL_ACCENT_COLOR_NAME = AccentColor;
				CLANG_ENABLE_MODULES = YES;
				CODE_SIGN_ENTITLEMENTS = Koven/Koven.entitlements;
				"CODE_SIGN_IDENTITY[sdk=macosx*]" = "-";
				CODE_SIGN_STYLE = Automatic;
				DEVELOPMENT_ASSET_PATHS = "\"Koven/Preview Content\"";
				DEVELOPMENT_TEAM = Y3D97FCK69;
				ENABLE_PREVIEWS = YES;
				INFOPLIST_FILE = Koven/Info.plist;
				IPHONEOS_DEPLOYMENT_TARGET = 14.0;
				LD_RUNPATH_SEARCH_PATHS = (
					"$(inherited)",
					"@executable_path/Frameworks",
				);
				PRODUCT_BUNDLE_IDENTIFIER = com.aditsachde.Koven;
				PRODUCT_NAME = "$(TARGET_NAME)";
				SUPPORTS_MACCATALYST = NO;
				SWIFT_OBJC_BRIDGING_HEADER = "Koven/ThirdParty/Bridging-Header.h";
				SWIFT_OPTIMIZATION_LEVEL = "-Onone";
				SWIFT_VERSION = 5.0;
				TARGETED_DEVICE_FAMILY = "1,2";
			};
			name = Debug;
		};
		C9C28CA225AE56AE0096478F /* Release */ = {
			isa = XCBuildConfiguration;
			baseConfigurationReference = 4AB81E8CC9DCDB68A244BA19 /* Pods-Koven.release.xcconfig */;
			buildSettings = {
				ASSETCATALOG_COMPILER_APPICON_NAME = AppIcon;
				ASSETCATALOG_COMPILER_GLOBAL_ACCENT_COLOR_NAME = AccentColor;
				CLANG_ENABLE_MODULES = YES;
				CODE_SIGN_ENTITLEMENTS = Koven/Koven.entitlements;
				"CODE_SIGN_IDENTITY[sdk=macosx*]" = "-";
				CODE_SIGN_STYLE = Automatic;
				DEVELOPMENT_ASSET_PATHS = "\"Koven/Preview Content\"";
				DEVELOPMENT_TEAM = Y3D97FCK69;
				ENABLE_PREVIEWS = YES;
				INFOPLIST_FILE = Koven/Info.plist;
				IPHONEOS_DEPLOYMENT_TARGET = 14.0;
				LD_RUNPATH_SEARCH_PATHS = (
					"$(inherited)",
					"@executable_path/Frameworks",
				);
				PRODUCT_BUNDLE_IDENTIFIER = com.aditsachde.Koven;
				PRODUCT_NAME = "$(TARGET_NAME)";
				SUPPORTS_MACCATALYST = NO;
				SWIFT_OBJC_BRIDGING_HEADER = "Koven/ThirdParty/Bridging-Header.h";
				SWIFT_VERSION = 5.0;
				TARGETED_DEVICE_FAMILY = "1,2";
			};
			name = Release;
		};
		C9C28CA425AE56AE0096478F /* Debug */ = {
			isa = XCBuildConfiguration;
			buildSettings = {
				ALWAYS_EMBED_SWIFT_STANDARD_LIBRARIES = YES;
				BUNDLE_LOADER = "$(TEST_HOST)";
				CODE_SIGN_STYLE = Automatic;
				DEVELOPMENT_TEAM = Y3D97FCK69;
				INFOPLIST_FILE = KovenTests/Info.plist;
				IPHONEOS_DEPLOYMENT_TARGET = 14.0;
				LD_RUNPATH_SEARCH_PATHS = (
					"$(inherited)",
					"@executable_path/Frameworks",
					"@loader_path/Frameworks",
				);
				PRODUCT_BUNDLE_IDENTIFIER = com.aditsachde.KovenTests;
				PRODUCT_NAME = "$(TARGET_NAME)";
				SWIFT_VERSION = 5.0;
				TARGETED_DEVICE_FAMILY = "1,2";
				TEST_HOST = "$(BUILT_PRODUCTS_DIR)/Koven.app/Koven";
			};
			name = Debug;
		};
		C9C28CA525AE56AE0096478F /* Release */ = {
			isa = XCBuildConfiguration;
			buildSettings = {
				ALWAYS_EMBED_SWIFT_STANDARD_LIBRARIES = YES;
				BUNDLE_LOADER = "$(TEST_HOST)";
				CODE_SIGN_STYLE = Automatic;
				DEVELOPMENT_TEAM = Y3D97FCK69;
				INFOPLIST_FILE = KovenTests/Info.plist;
				IPHONEOS_DEPLOYMENT_TARGET = 14.0;
				LD_RUNPATH_SEARCH_PATHS = (
					"$(inherited)",
					"@executable_path/Frameworks",
					"@loader_path/Frameworks",
				);
				PRODUCT_BUNDLE_IDENTIFIER = com.aditsachde.KovenTests;
				PRODUCT_NAME = "$(TARGET_NAME)";
				SWIFT_VERSION = 5.0;
				TARGETED_DEVICE_FAMILY = "1,2";
				TEST_HOST = "$(BUILT_PRODUCTS_DIR)/Koven.app/Koven";
			};
			name = Release;
		};
		C9C28CA725AE56AE0096478F /* Debug */ = {
			isa = XCBuildConfiguration;
			buildSettings = {
				ALWAYS_EMBED_SWIFT_STANDARD_LIBRARIES = YES;
				CODE_SIGN_STYLE = Automatic;
				DEVELOPMENT_TEAM = Y3D97FCK69;
				INFOPLIST_FILE = KovenUITests/Info.plist;
				LD_RUNPATH_SEARCH_PATHS = (
					"$(inherited)",
					"@executable_path/Frameworks",
					"@loader_path/Frameworks",
				);
				PRODUCT_BUNDLE_IDENTIFIER = com.aditsachde.KovenUITests;
				PRODUCT_NAME = "$(TARGET_NAME)";
				SWIFT_VERSION = 5.0;
				TARGETED_DEVICE_FAMILY = "1,2";
				TEST_TARGET_NAME = Koven;
			};
			name = Debug;
		};
		C9C28CA825AE56AE0096478F /* Release */ = {
			isa = XCBuildConfiguration;
			buildSettings = {
				ALWAYS_EMBED_SWIFT_STANDARD_LIBRARIES = YES;
				CODE_SIGN_STYLE = Automatic;
				DEVELOPMENT_TEAM = Y3D97FCK69;
				INFOPLIST_FILE = KovenUITests/Info.plist;
				LD_RUNPATH_SEARCH_PATHS = (
					"$(inherited)",
					"@executable_path/Frameworks",
					"@loader_path/Frameworks",
				);
				PRODUCT_BUNDLE_IDENTIFIER = com.aditsachde.KovenUITests;
				PRODUCT_NAME = "$(TARGET_NAME)";
				SWIFT_VERSION = 5.0;
				TARGETED_DEVICE_FAMILY = "1,2";
				TEST_TARGET_NAME = Koven;
			};
			name = Release;
		};
/* End XCBuildConfiguration section */

/* Begin XCConfigurationList section */
		C9C28C7625AE56AC0096478F /* Build configuration list for PBXProject "Koven" */ = {
			isa = XCConfigurationList;
			buildConfigurations = (
				C9C28C9E25AE56AE0096478F /* Debug */,
				C9C28C9F25AE56AE0096478F /* Release */,
			);
			defaultConfigurationIsVisible = 0;
			defaultConfigurationName = Release;
		};
		C9C28CA025AE56AE0096478F /* Build configuration list for PBXNativeTarget "Koven" */ = {
			isa = XCConfigurationList;
			buildConfigurations = (
				C9C28CA125AE56AE0096478F /* Debug */,
				C9C28CA225AE56AE0096478F /* Release */,
			);
			defaultConfigurationIsVisible = 0;
			defaultConfigurationName = Release;
		};
		C9C28CA325AE56AE0096478F /* Build configuration list for PBXNativeTarget "KovenTests" */ = {
			isa = XCConfigurationList;
			buildConfigurations = (
				C9C28CA425AE56AE0096478F /* Debug */,
				C9C28CA525AE56AE0096478F /* Release */,
			);
			defaultConfigurationIsVisible = 0;
			defaultConfigurationName = Release;
		};
		C9C28CA625AE56AE0096478F /* Build configuration list for PBXNativeTarget "KovenUITests" */ = {
			isa = XCConfigurationList;
			buildConfigurations = (
				C9C28CA725AE56AE0096478F /* Debug */,
				C9C28CA825AE56AE0096478F /* Release */,
			);
			defaultConfigurationIsVisible = 0;
			defaultConfigurationName = Release;
		};
/* End XCConfigurationList section */
	};
	rootObject = C9C28C7325AE56AC0096478F /* Project object */;
}
